
Microsoft Visual Studio Solution File, Format Version 12.00
# Visual Studio Version 17
VisualStudioVersion = 17.0.31912.275
MinimumVisualStudioVersion = 10.0.40219.1
Project("{9A19103F-16F7-4668-BE54-9A1E7A4F7556}") = "MPCRS1", "MPCRS1.csproj", "{34AFFDD7-C0A7-429E-9475-973DDB5B415D}"
EndProject
Global
	GlobalSection(SolutionConfigurationPlatforms) = preSolution
		Debug|Any CPU = Debug|Any CPU
		Release|Any CPU = Release|Any CPU
	EndGlobalSection
	GlobalSection(ProjectConfigurationPlatforms) = postSolution
		{34AFFDD7-C0A7-429E-9475-973DDB5B415D}.Debug|Any CPU.ActiveCfg = Debug|Any CPU
		{34AFFDD7-C0A7-429E-9475-973DDB5B415D}.Debug|Any CPU.Build.0 = Debug|Any CPU
		{34AFFDD7-C0A7-429E-9475-973DDB5B415D}.Release|Any CPU.ActiveCfg = Release|Any CPU
		{34AFFDD7-C0A7-429E-9475-973DDB5B415D}.Release|Any CPU.Build.0 = Release|Any CPU
	EndGlobalSection
	GlobalSection(SolutionProperties) = preSolution
		HideSolutionNode = FALSE
	EndGlobalSection
	GlobalSection(ExtensibilityGlobals) = postSolution
		SolutionGuid = {6FDB86D8-5432-472C-B43B-DC708C04A0BE}
	EndGlobalSection
EndGlobal
